// !$*UTF8*$!
{
	archiveVersion = 1;
	classes = {
	};
	objectVersion = 46;
	objects = {

/* Begin PBXBuildFile section */
		5F0CC01D1C62545D002CDBA5 /* AppDelegate.swift in Sources */ = {isa = PBXBuildFile; fileRef = 5F0CC01C1C62545D002CDBA5 /* AppDelegate.swift */; };
		5F0CC01F1C62545D002CDBA5 /* ViewController.swift in Sources */ = {isa = PBXBuildFile; fileRef = 5F0CC01E1C62545D002CDBA5 /* ViewController.swift */; };
		5F0CC0221C62545D002CDBA5 /* Main.storyboard in Resources */ = {isa = PBXBuildFile; fileRef = 5F0CC0201C62545D002CDBA5 /* Main.storyboard */; };
		5F0CC0251C62545D002CDBA5 /* FuelEconomy.xcdatamodeld in Sources */ = {isa = PBXBuildFile; fileRef = 5F0CC0231C62545D002CDBA5 /* FuelEconomy.xcdatamodeld */; };
		5F0CC0271C62545D002CDBA5 /* Assets.xcassets in Resources */ = {isa = PBXBuildFile; fileRef = 5F0CC0261C62545D002CDBA5 /* Assets.xcassets */; };
		5F0CC02A1C62545D002CDBA5 /* LaunchScreen.storyboard in Resources */ = {isa = PBXBuildFile; fileRef = 5F0CC0281C62545D002CDBA5 /* LaunchScreen.storyboard */; };
		5F0CC0491C6281B2002CDBA5 /* 1995-1999.csv in Resources */ = {isa = PBXBuildFile; fileRef = 5F0CC0351C6281B2002CDBA5 /* 1995-1999.csv */; };
		5F0CC04A1C6281B2002CDBA5 /* 2000.csv in Resources */ = {isa = PBXBuildFile; fileRef = 5F0CC0361C6281B2002CDBA5 /* 2000.csv */; };
		5F0CC04B1C6281B2002CDBA5 /* 2001.csv in Resources */ = {isa = PBXBuildFile; fileRef = 5F0CC0371C6281B2002CDBA5 /* 2001.csv */; };
		5F0CC04C1C6281B2002CDBA5 /* 2002.csv in Resources */ = {isa = PBXBuildFile; fileRef = 5F0CC0381C6281B2002CDBA5 /* 2002.csv */; };
		5F0CC04D1C6281B2002CDBA5 /* 2003.csv in Resources */ = {isa = PBXBuildFile; fileRef = 5F0CC0391C6281B2002CDBA5 /* 2003.csv */; };
		5F0CC04E1C6281B2002CDBA5 /* 2004.csv in Resources */ = {isa = PBXBuildFile; fileRef = 5F0CC03A1C6281B2002CDBA5 /* 2004.csv */; };
		5F0CC04F1C6281B2002CDBA5 /* 2005.csv in Resources */ = {isa = PBXBuildFile; fileRef = 5F0CC03B1C6281B2002CDBA5 /* 2005.csv */; };
		5F0CC0501C6281B2002CDBA5 /* 2006.csv in Resources */ = {isa = PBXBuildFile; fileRef = 5F0CC03C1C6281B2002CDBA5 /* 2006.csv */; };
		5F0CC0511C6281B2002CDBA5 /* 2007.csv in Resources */ = {isa = PBXBuildFile; fileRef = 5F0CC03D1C6281B2002CDBA5 /* 2007.csv */; };
		5F0CC0521C6281B2002CDBA5 /* 2008.csv in Resources */ = {isa = PBXBuildFile; fileRef = 5F0CC03E1C6281B2002CDBA5 /* 2008.csv */; };
		5F0CC0531C6281B2002CDBA5 /* 2009.csv in Resources */ = {isa = PBXBuildFile; fileRef = 5F0CC03F1C6281B2002CDBA5 /* 2009.csv */; };
		5F0CC0541C6281B2002CDBA5 /* 2010.csv in Resources */ = {isa = PBXBuildFile; fileRef = 5F0CC0401C6281B2002CDBA5 /* 2010.csv */; };
		5F0CC0551C6281B2002CDBA5 /* 2011.csv in Resources */ = {isa = PBXBuildFile; fileRef = 5F0CC0411C6281B2002CDBA5 /* 2011.csv */; };
		5F0CC0561C6281B2002CDBA5 /* 2012.csv in Resources */ = {isa = PBXBuildFile; fileRef = 5F0CC0421C6281B2002CDBA5 /* 2012.csv */; };
		5F0CC0571C6281B2002CDBA5 /* 2013.csv in Resources */ = {isa = PBXBuildFile; fileRef = 5F0CC0431C6281B2002CDBA5 /* 2013.csv */; };
		5F0CC0581C6281B2002CDBA5 /* 2014.csv in Resources */ = {isa = PBXBuildFile; fileRef = 5F0CC0441C6281B2002CDBA5 /* 2014.csv */; };
		5F0CC0591C6281B2002CDBA5 /* 2015.csv in Resources */ = {isa = PBXBuildFile; fileRef = 5F0CC0451C6281B2002CDBA5 /* 2015.csv */; };
		5F0CC05A1C6281B2002CDBA5 /* 2016.csv in Resources */ = {isa = PBXBuildFile; fileRef = 5F0CC0461C6281B2002CDBA5 /* 2016.csv */; };
		5F0CC05B1C6281B2002CDBA5 /* BEV2012-2016.csv in Resources */ = {isa = PBXBuildFile; fileRef = 5F0CC0471C6281B2002CDBA5 /* BEV2012-2016.csv */; };
		5F0CC05C1C6281B2002CDBA5 /* HEV2012-2016.csv in Resources */ = {isa = PBXBuildFile; fileRef = 5F0CC0481C6281B2002CDBA5 /* HEV2012-2016.csv */; };
		5F0CC05F1C628231002CDBA5 /* csv.swift in Sources */ = {isa = PBXBuildFile; fileRef = 5F0CC05E1C628231002CDBA5 /* csv.swift */; };
		5F0CC0631C6291CB002CDBA5 /* GasMileageVC.swift in Sources */ = {isa = PBXBuildFile; fileRef = 5F0CC0621C6291CB002CDBA5 /* GasMileageVC.swift */; };
		5FD111601C7DF5E40020B6AD /* AppDelegate.swift in Sources */ = {isa = PBXBuildFile; fileRef = 5FD1115F1C7DF5E40020B6AD /* AppDelegate.swift */; };
		5FD111621C7DF5E40020B6AD /* ViewController.swift in Sources */ = {isa = PBXBuildFile; fileRef = 5FD111611C7DF5E40020B6AD /* ViewController.swift */; };
		5FD111651C7DF5E40020B6AD /* Main.storyboard in Resources */ = {isa = PBXBuildFile; fileRef = 5FD111631C7DF5E40020B6AD /* Main.storyboard */; };
		5FD111671C7DF5E40020B6AD /* Assets.xcassets in Resources */ = {isa = PBXBuildFile; fileRef = 5FD111661C7DF5E40020B6AD /* Assets.xcassets */; };
		5FD1116A1C7DF5E40020B6AD /* LaunchScreen.storyboard in Resources */ = {isa = PBXBuildFile; fileRef = 5FD111681C7DF5E40020B6AD /* LaunchScreen.storyboard */; };
/* End PBXBuildFile section */

/* Begin PBXFileReference section */
		5F0CC0191C62545D002CDBA5 /* FuelEconomy.app */ = {isa = PBXFileReference; explicitFileType = wrapper.application; includeInIndex = 0; path = FuelEconomy.app; sourceTree = BUILT_PRODUCTS_DIR; };
		5F0CC01C1C62545D002CDBA5 /* AppDelegate.swift */ = {isa = PBXFileReference; lastKnownFileType = sourcecode.swift; path = AppDelegate.swift; sourceTree = "<group>"; };
		5F0CC01E1C62545D002CDBA5 /* ViewController.swift */ = {isa = PBXFileReference; lastKnownFileType = sourcecode.swift; path = ViewController.swift; sourceTree = "<group>"; };
		5F0CC0211C62545D002CDBA5 /* Base */ = {isa = PBXFileReference; lastKnownFileType = file.storyboard; name = Base; path = Base.lproj/Main.storyboard; sourceTree = "<group>"; };
		5F0CC0241C62545D002CDBA5 /* FuelEconomy.xcdatamodel */ = {isa = PBXFileReference; lastKnownFileType = wrapper.xcdatamodel; path = FuelEconomy.xcdatamodel; sourceTree = "<group>"; };
		5F0CC0261C62545D002CDBA5 /* Assets.xcassets */ = {isa = PBXFileReference; lastKnownFileType = folder.assetcatalog; path = Assets.xcassets; sourceTree = "<group>"; };
		5F0CC0291C62545D002CDBA5 /* Base */ = {isa = PBXFileReference; lastKnownFileType = file.storyboard; name = Base; path = Base.lproj/LaunchScreen.storyboard; sourceTree = "<group>"; };
		5F0CC02B1C62545D002CDBA5 /* Info.plist */ = {isa = PBXFileReference; lastKnownFileType = text.plist.xml; path = Info.plist; sourceTree = "<group>"; };
		5F0CC0351C6281B2002CDBA5 /* 1995-1999.csv */ = {isa = PBXFileReference; fileEncoding = 4; lastKnownFileType = text; path = "1995-1999.csv"; sourceTree = "<group>"; };
		5F0CC0361C6281B2002CDBA5 /* 2000.csv */ = {isa = PBXFileReference; fileEncoding = 4; lastKnownFileType = text; path = 2000.csv; sourceTree = "<group>"; };
		5F0CC0371C6281B2002CDBA5 /* 2001.csv */ = {isa = PBXFileReference; fileEncoding = 4; lastKnownFileType = text; path = 2001.csv; sourceTree = "<group>"; };
		5F0CC0381C6281B2002CDBA5 /* 2002.csv */ = {isa = PBXFileReference; fileEncoding = 4; lastKnownFileType = text; path = 2002.csv; sourceTree = "<group>"; };
		5F0CC0391C6281B2002CDBA5 /* 2003.csv */ = {isa = PBXFileReference; fileEncoding = 4; lastKnownFileType = text; path = 2003.csv; sourceTree = "<group>"; };
		5F0CC03A1C6281B2002CDBA5 /* 2004.csv */ = {isa = PBXFileReference; fileEncoding = 4; lastKnownFileType = text; path = 2004.csv; sourceTree = "<group>"; };
		5F0CC03B1C6281B2002CDBA5 /* 2005.csv */ = {isa = PBXFileReference; fileEncoding = 4; lastKnownFileType = text; path = 2005.csv; sourceTree = "<group>"; };
		5F0CC03C1C6281B2002CDBA5 /* 2006.csv */ = {isa = PBXFileReference; fileEncoding = 4; lastKnownFileType = text; path = 2006.csv; sourceTree = "<group>"; };
		5F0CC03D1C6281B2002CDBA5 /* 2007.csv */ = {isa = PBXFileReference; fileEncoding = 4; lastKnownFileType = text; path = 2007.csv; sourceTree = "<group>"; };
		5F0CC03E1C6281B2002CDBA5 /* 2008.csv */ = {isa = PBXFileReference; fileEncoding = 4; lastKnownFileType = text; path = 2008.csv; sourceTree = "<group>"; };
		5F0CC03F1C6281B2002CDBA5 /* 2009.csv */ = {isa = PBXFileReference; fileEncoding = 4; lastKnownFileType = text; path = 2009.csv; sourceTree = "<group>"; };
		5F0CC0401C6281B2002CDBA5 /* 2010.csv */ = {isa = PBXFileReference; fileEncoding = 4; lastKnownFileType = text; path = 2010.csv; sourceTree = "<group>"; };
		5F0CC0411C6281B2002CDBA5 /* 2011.csv */ = {isa = PBXFileReference; fileEncoding = 4; lastKnownFileType = text; path = 2011.csv; sourceTree = "<group>"; };
		5F0CC0421C6281B2002CDBA5 /* 2012.csv */ = {isa = PBXFileReference; fileEncoding = 4; lastKnownFileType = text; path = 2012.csv; sourceTree = "<group>"; };
		5F0CC0431C6281B2002CDBA5 /* 2013.csv */ = {isa = PBXFileReference; fileEncoding = 4; lastKnownFileType = text; path = 2013.csv; sourceTree = "<group>"; };
		5F0CC0441C6281B2002CDBA5 /* 2014.csv */ = {isa = PBXFileReference; fileEncoding = 4; lastKnownFileType = text; path = 2014.csv; sourceTree = "<group>"; };
		5F0CC0451C6281B2002CDBA5 /* 2015.csv */ = {isa = PBXFileReference; fileEncoding = 4; lastKnownFileType = text; path = 2015.csv; sourceTree = "<group>"; };
		5F0CC0461C6281B2002CDBA5 /* 2016.csv */ = {isa = PBXFileReference; fileEncoding = 4; lastKnownFileType = text; path = 2016.csv; sourceTree = "<group>"; };
		5F0CC0471C6281B2002CDBA5 /* BEV2012-2016.csv */ = {isa = PBXFileReference; fileEncoding = 4; lastKnownFileType = text; path = "BEV2012-2016.csv"; sourceTree = "<group>"; };
		5F0CC0481C6281B2002CDBA5 /* HEV2012-2016.csv */ = {isa = PBXFileReference; fileEncoding = 4; lastKnownFileType = text; path = "HEV2012-2016.csv"; sourceTree = "<group>"; };
		5F0CC05E1C628231002CDBA5 /* csv.swift */ = {isa = PBXFileReference; fileEncoding = 4; lastKnownFileType = sourcecode.swift; path = csv.swift; sourceTree = "<group>"; };
		5F0CC0621C6291CB002CDBA5 /* GasMileageVC.swift */ = {isa = PBXFileReference; fileEncoding = 4; lastKnownFileType = sourcecode.swift; path = GasMileageVC.swift; sourceTree = "<group>"; };
		5FD1115D1C7DF5E30020B6AD /* ButtonMenu.app */ = {isa = PBXFileReference; explicitFileType = wrapper.application; includeInIndex = 0; path = ButtonMenu.app; sourceTree = BUILT_PRODUCTS_DIR; };
		5FD1115F1C7DF5E40020B6AD /* AppDelegate.swift */ = {isa = PBXFileReference; lastKnownFileType = sourcecode.swift; path = AppDelegate.swift; sourceTree = "<group>"; };
		5FD111611C7DF5E40020B6AD /* ViewController.swift */ = {isa = PBXFileReference; lastKnownFileType = sourcecode.swift; path = ViewController.swift; sourceTree = "<group>"; };
		5FD111641C7DF5E40020B6AD /* Base */ = {isa = PBXFileReference; lastKnownFileType = file.storyboard; name = Base; path = Base.lproj/Main.storyboard; sourceTree = "<group>"; };
		5FD111661C7DF5E40020B6AD /* Assets.xcassets */ = {isa = PBXFileReference; lastKnownFileType = folder.assetcatalog; path = Assets.xcassets; sourceTree = "<group>"; };
		5FD111691C7DF5E40020B6AD /* Base */ = {isa = PBXFileReference; lastKnownFileType = file.storyboard; name = Base; path = Base.lproj/LaunchScreen.storyboard; sourceTree = "<group>"; };
		5FD1116B1C7DF5E40020B6AD /* Info.plist */ = {isa = PBXFileReference; lastKnownFileType = text.plist.xml; path = Info.plist; sourceTree = "<group>"; };
/* End PBXFileReference section */

/* Begin PBXFrameworksBuildPhase section */
		5F0CC0161C62545D002CDBA5 /* Frameworks */ = {
			isa = PBXFrameworksBuildPhase;
			buildActionMask = 2147483647;
			files = (
			);
			runOnlyForDeploymentPostprocessing = 0;
		};
		5FD1115A1C7DF5E30020B6AD /* Frameworks */ = {
			isa = PBXFrameworksBuildPhase;
			buildActionMask = 2147483647;
			files = (
			);
			runOnlyForDeploymentPostprocessing = 0;
		};
/* End PBXFrameworksBuildPhase section */

/* Begin PBXGroup section */
		5F0CC0101C62545D002CDBA5 = {
			isa = PBXGroup;
			children = (
				5F0CC01B1C62545D002CDBA5 /* FuelEconomy */,
				5FD1115E1C7DF5E40020B6AD /* ButtonMenu */,
				5F0CC01A1C62545D002CDBA5 /* Products */,
			);
			sourceTree = "<group>";
		};
		5F0CC01A1C62545D002CDBA5 /* Products */ = {
			isa = PBXGroup;
			children = (
				5F0CC0191C62545D002CDBA5 /* FuelEconomy.app */,
				5FD1115D1C7DF5E30020B6AD /* ButtonMenu.app */,
			);
			name = Products;
			sourceTree = "<group>";
		};
		5F0CC01B1C62545D002CDBA5 /* FuelEconomy */ = {
			isa = PBXGroup;
			children = (
				5F0CC0331C626DAA002CDBA5 /* Model */,
				5F0CC0321C626DA2002CDBA5 /* View */,
				5F0CC0311C626D96002CDBA5 /* Controller */,
				5F0CC05D1C6281F6002CDBA5 /* Utils */,
				5F0CC0341C626DB6002CDBA5 /* Resources */,
				5F0CC01C1C62545D002CDBA5 /* AppDelegate.swift */,
				5F0CC0261C62545D002CDBA5 /* Assets.xcassets */,
				5F0CC02B1C62545D002CDBA5 /* Info.plist */,
				5F0CC0231C62545D002CDBA5 /* FuelEconomy.xcdatamodeld */,
			);
			path = FuelEconomy;
			sourceTree = "<group>";
		};
		5F0CC0311C626D96002CDBA5 /* Controller */ = {
			isa = PBXGroup;
			children = (
				5F0CC01E1C62545D002CDBA5 /* ViewController.swift */,
				5F0CC0621C6291CB002CDBA5 /* GasMileageVC.swift */,
			);
			name = Controller;
			sourceTree = "<group>";
		};
		5F0CC0321C626DA2002CDBA5 /* View */ = {
			isa = PBXGroup;
			children = (
				5F0CC0281C62545D002CDBA5 /* LaunchScreen.storyboard */,
				5F0CC0201C62545D002CDBA5 /* Main.storyboard */,
			);
			name = View;
			sourceTree = "<group>";
		};
		5F0CC0331C626DAA002CDBA5 /* Model */ = {
			isa = PBXGroup;
			children = (
			);
			name = Model;
			sourceTree = "<group>";
		};
		5F0CC0341C626DB6002CDBA5 /* Resources */ = {
			isa = PBXGroup;
			children = (
				5F0CC0351C6281B2002CDBA5 /* 1995-1999.csv */,
				5F0CC0361C6281B2002CDBA5 /* 2000.csv */,
				5F0CC0371C6281B2002CDBA5 /* 2001.csv */,
				5F0CC0381C6281B2002CDBA5 /* 2002.csv */,
				5F0CC0391C6281B2002CDBA5 /* 2003.csv */,
				5F0CC03A1C6281B2002CDBA5 /* 2004.csv */,
				5F0CC03B1C6281B2002CDBA5 /* 2005.csv */,
				5F0CC03C1C6281B2002CDBA5 /* 2006.csv */,
				5F0CC03D1C6281B2002CDBA5 /* 2007.csv */,
				5F0CC03E1C6281B2002CDBA5 /* 2008.csv */,
				5F0CC03F1C6281B2002CDBA5 /* 2009.csv */,
				5F0CC0401C6281B2002CDBA5 /* 2010.csv */,
				5F0CC0411C6281B2002CDBA5 /* 2011.csv */,
				5F0CC0421C6281B2002CDBA5 /* 2012.csv */,
				5F0CC0431C6281B2002CDBA5 /* 2013.csv */,
				5F0CC0441C6281B2002CDBA5 /* 2014.csv */,
				5F0CC0451C6281B2002CDBA5 /* 2015.csv */,
				5F0CC0461C6281B2002CDBA5 /* 2016.csv */,
				5F0CC0471C6281B2002CDBA5 /* BEV2012-2016.csv */,
				5F0CC0481C6281B2002CDBA5 /* HEV2012-2016.csv */,
			);
			name = Resources;
			sourceTree = "<group>";
		};
		5F0CC05D1C6281F6002CDBA5 /* Utils */ = {
			isa = PBXGroup;
			children = (
				5F0CC05E1C628231002CDBA5 /* csv.swift */,
			);
			name = Utils;
			sourceTree = "<group>";
		};
		5FD1115E1C7DF5E40020B6AD /* ButtonMenu */ = {
			isa = PBXGroup;
			children = (
				5FD1115F1C7DF5E40020B6AD /* AppDelegate.swift */,
				5FD111611C7DF5E40020B6AD /* ViewController.swift */,
				5FD111631C7DF5E40020B6AD /* Main.storyboard */,
				5FD111661C7DF5E40020B6AD /* Assets.xcassets */,
				5FD111681C7DF5E40020B6AD /* LaunchScreen.storyboard */,
				5FD1116B1C7DF5E40020B6AD /* Info.plist */,
			);
			path = ButtonMenu;
			sourceTree = "<group>";
		};
/* End PBXGroup section */

/* Begin PBXNativeTarget section */
		5F0CC0181C62545D002CDBA5 /* FuelEconomy */ = {
			isa = PBXNativeTarget;
			buildConfigurationList = 5F0CC02E1C62545D002CDBA5 /* Build configuration list for PBXNativeTarget "FuelEconomy" */;
			buildPhases = (
				5F0CC0151C62545D002CDBA5 /* Sources */,
				5F0CC0161C62545D002CDBA5 /* Frameworks */,
				5F0CC0171C62545D002CDBA5 /* Resources */,
			);
			buildRules = (
			);
			dependencies = (
			);
			name = FuelEconomy;
			productName = FuelEconomy;
			productReference = 5F0CC0191C62545D002CDBA5 /* FuelEconomy.app */;
			productType = "com.apple.product-type.application";
		};
		5FD1115C1C7DF5E30020B6AD /* ButtonMenu */ = {
			isa = PBXNativeTarget;
			buildConfigurationList = 5FD1116E1C7DF5E40020B6AD /* Build configuration list for PBXNativeTarget "ButtonMenu" */;
			buildPhases = (
				5FD111591C7DF5E30020B6AD /* Sources */,
				5FD1115A1C7DF5E30020B6AD /* Frameworks */,
				5FD1115B1C7DF5E30020B6AD /* Resources */,
			);
			buildRules = (
			);
			dependencies = (
			);
			name = ButtonMenu;
			productName = ButtonMenu;
			productReference = 5FD1115D1C7DF5E30020B6AD /* ButtonMenu.app */;
			productType = "com.apple.product-type.application";
		};
/* End PBXNativeTarget section */

/* Begin PBXProject section */
		5F0CC0111C62545D002CDBA5 /* Project object */ = {
			isa = PBXProject;
			attributes = {
				LastSwiftUpdateCheck = 0720;
				LastUpgradeCheck = 0720;
				ORGANIZATIONNAME = "Skullgate Studios";
				TargetAttributes = {
					5F0CC0181C62545D002CDBA5 = {
						CreatedOnToolsVersion = 7.2;
					};
					5FD1115C1C7DF5E30020B6AD = {
						CreatedOnToolsVersion = 7.2.1;
					};
				};
			};
			buildConfigurationList = 5F0CC0141C62545D002CDBA5 /* Build configuration list for PBXProject "FuelEconomy" */;
			compatibilityVersion = "Xcode 3.2";
			developmentRegion = English;
			hasScannedForEncodings = 0;
			knownRegions = (
				en,
				Base,
			);
			mainGroup = 5F0CC0101C62545D002CDBA5;
			productRefGroup = 5F0CC01A1C62545D002CDBA5 /* Products */;
			projectDirPath = "";
			projectRoot = "";
			targets = (
				5F0CC0181C62545D002CDBA5 /* FuelEconomy */,
				5FD1115C1C7DF5E30020B6AD /* ButtonMenu */,
			);
		};
/* End PBXProject section */

/* Begin PBXResourcesBuildPhase section */
		5F0CC0171C62545D002CDBA5 /* Resources */ = {
			isa = PBXResourcesBuildPhase;
			buildActionMask = 2147483647;
			files = (
				5F0CC0491C6281B2002CDBA5 /* 1995-1999.csv in Resources */,
				5F0CC02A1C62545D002CDBA5 /* LaunchScreen.storyboard in Resources */,
				5F0CC0271C62545D002CDBA5 /* Assets.xcassets in Resources */,
				5F0CC0541C6281B2002CDBA5 /* 2010.csv in Resources */,
				5F0CC0531C6281B2002CDBA5 /* 2009.csv in Resources */,
				5F0CC0511C6281B2002CDBA5 /* 2007.csv in Resources */,
				5F0CC0571C6281B2002CDBA5 /* 2013.csv in Resources */,
				5F0CC0551C6281B2002CDBA5 /* 2011.csv in Resources */,
				5F0CC0561C6281B2002CDBA5 /* 2012.csv in Resources */,
				5F0CC04F1C6281B2002CDBA5 /* 2005.csv in Resources */,
				5F0CC0581C6281B2002CDBA5 /* 2014.csv in Resources */,
				5F0CC04C1C6281B2002CDBA5 /* 2002.csv in Resources */,
				5F0CC04B1C6281B2002CDBA5 /* 2001.csv in Resources */,
				5F0CC04A1C6281B2002CDBA5 /* 2000.csv in Resources */,
				5F0CC04E1C6281B2002CDBA5 /* 2004.csv in Resources */,
				5F0CC0221C62545D002CDBA5 /* Main.storyboard in Resources */,
				5F0CC0521C6281B2002CDBA5 /* 2008.csv in Resources */,
				5F0CC05C1C6281B2002CDBA5 /* HEV2012-2016.csv in Resources */,
				5F0CC0501C6281B2002CDBA5 /* 2006.csv in Resources */,
				5F0CC05A1C6281B2002CDBA5 /* 2016.csv in Resources */,
				5F0CC0591C6281B2002CDBA5 /* 2015.csv in Resources */,
				5F0CC05B1C6281B2002CDBA5 /* BEV2012-2016.csv in Resources */,
				5F0CC04D1C6281B2002CDBA5 /* 2003.csv in Resources */,
			);
			runOnlyForDeploymentPostprocessing = 0;
		};
		5FD1115B1C7DF5E30020B6AD /* Resources */ = {
			isa = PBXResourcesBuildPhase;
			buildActionMask = 2147483647;
			files = (
				5FD1116A1C7DF5E40020B6AD /* LaunchScreen.storyboard in Resources */,
				5FD111671C7DF5E40020B6AD /* Assets.xcassets in Resources */,
				5FD111651C7DF5E40020B6AD /* Main.storyboard in Resources */,
			);
			runOnlyForDeploymentPostprocessing = 0;
		};
/* End PBXResourcesBuildPhase section */

/* Begin PBXSourcesBuildPhase section */
		5F0CC0151C62545D002CDBA5 /* Sources */ = {
			isa = PBXSourcesBuildPhase;
			buildActionMask = 2147483647;
			files = (
				5F0CC05F1C628231002CDBA5 /* csv.swift in Sources */,
				5F0CC01F1C62545D002CDBA5 /* ViewController.swift in Sources */,
				5F0CC01D1C62545D002CDBA5 /* AppDelegate.swift in Sources */,
				5F0CC0251C62545D002CDBA5 /* FuelEconomy.xcdatamodeld in Sources */,
				5F0CC0631C6291CB002CDBA5 /* GasMileageVC.swift in Sources */,
			);
			runOnlyForDeploymentPostprocessing = 0;
		};
		5FD111591C7DF5E30020B6AD /* Sources */ = {
			isa = PBXSourcesBuildPhase;
			buildActionMask = 2147483647;
			files = (
				5FD111621C7DF5E40020B6AD /* ViewController.swift in Sources */,
				5FD111601C7DF5E40020B6AD /* AppDelegate.swift in Sources */,
			);
			runOnlyForDeploymentPostprocessing = 0;
		};
/* End PBXSourcesBuildPhase section */

/* Begin PBXVariantGroup section */
		5F0CC0201C62545D002CDBA5 /* Main.storyboard */ = {
			isa = PBXVariantGroup;
			children = (
				5F0CC0211C62545D002CDBA5 /* Base */,
			);
			name = Main.storyboard;
			sourceTree = "<group>";
		};
		5F0CC0281C62545D002CDBA5 /* LaunchScreen.storyboard */ = {
			isa = PBXVariantGroup;
			children = (
				5F0CC0291C62545D002CDBA5 /* Base */,
			);
			name = LaunchScreen.storyboard;
			sourceTree = "<group>";
		};
		5FD111631C7DF5E40020B6AD /* Main.storyboard */ = {
			isa = PBXVariantGroup;
			children = (
				5FD111641C7DF5E40020B6AD /* Base */,
			);
			name = Main.storyboard;
			sourceTree = "<group>";
		};
		5FD111681C7DF5E40020B6AD /* LaunchScreen.storyboard */ = {
			isa = PBXVariantGroup;
			children = (
				5FD111691C7DF5E40020B6AD /* Base */,
			);
			name = LaunchScreen.storyboard;
			sourceTree = "<group>";
		};
/* End PBXVariantGroup section */

/* Begin XCBuildConfiguration section */
		5F0CC02C1C62545D002CDBA5 /* Debug */ = {
			isa = XCBuildConfiguration;
			buildSettings = {
				ALWAYS_SEARCH_USER_PATHS = NO;
				CLANG_CXX_LANGUAGE_STANDARD = "gnu++0x";
				CLANG_CXX_LIBRARY = "libc++";
				CLANG_ENABLE_MODULES = YES;
				CLANG_ENABLE_OBJC_ARC = YES;
				CLANG_WARN_BOOL_CONVERSION = YES;
				CLANG_WARN_CONSTANT_CONVERSION = YES;
				CLANG_WARN_DIRECT_OBJC_ISA_USAGE = YES_ERROR;
				CLANG_WARN_EMPTY_BODY = YES;
				CLANG_WARN_ENUM_CONVERSION = YES;
				CLANG_WARN_INT_CONVERSION = YES;
				CLANG_WARN_OBJC_ROOT_CLASS = YES_ERROR;
				CLANG_WARN_UNREACHABLE_CODE = YES;
				CLANG_WARN__DUPLICATE_METHOD_MATCH = YES;
				"CODE_SIGN_IDENTITY[sdk=iphoneos*]" = "iPhone Developer";
				COPY_PHASE_STRIP = NO;
				DEBUG_INFORMATION_FORMAT = dwarf;
				ENABLE_STRICT_OBJC_MSGSEND = YES;
				ENABLE_TESTABILITY = YES;
				GCC_C_LANGUAGE_STANDARD = gnu99;
				GCC_DYNAMIC_NO_PIC = NO;
				GCC_NO_COMMON_BLOCKS = YES;
				GCC_OPTIMIZATION_LEVEL = 0;
				GCC_PREPROCESSOR_DEFINITIONS = (
					"DEBUG=1",
					"$(inherited)",
				);
				GCC_WARN_64_TO_32_BIT_CONVERSION = YES;
				GCC_WARN_ABOUT_RETURN_TYPE = YES_ERROR;
				GCC_WARN_UNDECLARED_SELECTOR = YES;
				GCC_WARN_UNINITIALIZED_AUTOS = YES_AGGRESSIVE;
				GCC_WARN_UNUSED_FUNCTION = YES;
				GCC_WARN_UNUSED_VARIABLE = YES;
				IPHONEOS_DEPLOYMENT_TARGET = 9.2;
				MTL_ENABLE_DEBUG_INFO = YES;
				ONLY_ACTIVE_ARCH = YES;
				SDKROOT = iphoneos;
				SWIFT_OPTIMIZATION_LEVEL = "-Onone";
				TARGETED_DEVICE_FAMILY = "1,2";
			};
			name = Debug;
		};
		5F0CC02D1C62545D002CDBA5 /* Release */ = {
			isa = XCBuildConfiguration;
			buildSettings = {
				ALWAYS_SEARCH_USER_PATHS = NO;
				CLANG_CXX_LANGUAGE_STANDARD = "gnu++0x";
				CLANG_CXX_LIBRARY = "libc++";
				CLANG_ENABLE_MODULES = YES;
				CLANG_ENABLE_OBJC_ARC = YES;
				CLANG_WARN_BOOL_CONVERSION = YES;
				CLANG_WARN_CONSTANT_CONVERSION = YES;
				CLANG_WARN_DIRECT_OBJC_ISA_USAGE = YES_ERROR;
				CLANG_WARN_EMPTY_BODY = YES;
				CLANG_WARN_ENUM_CONVERSION = YES;
				CLANG_WARN_INT_CONVERSION = YES;
				CLANG_WARN_OBJC_ROOT_CLASS = YES_ERROR;
				CLANG_WARN_UNREACHABLE_CODE = YES;
				CLANG_WARN__DUPLICATE_METHOD_MATCH = YES;
				"CODE_SIGN_IDENTITY[sdk=iphoneos*]" = "iPhone Developer";
				COPY_PHASE_STRIP = NO;
				DEBUG_INFORMATION_FORMAT = "dwarf-with-dsym";
				ENABLE_NS_ASSERTIONS = NO;
				ENABLE_STRICT_OBJC_MSGSEND = YES;
				GCC_C_LANGUAGE_STANDARD = gnu99;
				GCC_NO_COMMON_BLOCKS = YES;
				GCC_WARN_64_TO_32_BIT_CONVERSION = YES;
				GCC_WARN_ABOUT_RETURN_TYPE = YES_ERROR;
				GCC_WARN_UNDECLARED_SELECTOR = YES;
				GCC_WARN_UNINITIALIZED_AUTOS = YES_AGGRESSIVE;
				GCC_WARN_UNUSED_FUNCTION = YES;
				GCC_WARN_UNUSED_VARIABLE = YES;
				IPHONEOS_DEPLOYMENT_TARGET = 9.2;
				MTL_ENABLE_DEBUG_INFO = NO;
				SDKROOT = iphoneos;
				TARGETED_DEVICE_FAMILY = "1,2";
				VALIDATE_PRODUCT = YES;
			};
			name = Release;
		};
		5F0CC02F1C62545D002CDBA5 /* Debug */ = {
			isa = XCBuildConfiguration;
			buildSettings = {
				ASSETCATALOG_COMPILER_APPICON_NAME = AppIcon;
				INFOPLIST_FILE = FuelEconomy/Info.plist;
				LD_RUNPATH_SEARCH_PATHS = "$(inherited) @executable_path/Frameworks";
				PRODUCT_BUNDLE_IDENTIFIER = com.skullgate.FuelEconomy;
				PRODUCT_NAME = "$(TARGET_NAME)";
			};
			name = Debug;
		};
		5F0CC0301C62545D002CDBA5 /* Release */ = {
			isa = XCBuildConfiguration;
			buildSettings = {
				ASSETCATALOG_COMPILER_APPICON_NAME = AppIcon;
				INFOPLIST_FILE = FuelEconomy/Info.plist;
				LD_RUNPATH_SEARCH_PATHS = "$(inherited) @executable_path/Frameworks";
				PRODUCT_BUNDLE_IDENTIFIER = com.skullgate.FuelEconomy;
				PRODUCT_NAME = "$(TARGET_NAME)";
			};
			name = Release;
		};
		5FD1116C1C7DF5E40020B6AD /* Debug */ = {
			isa = XCBuildConfiguration;
			buildSettings = {
				ASSETCATALOG_COMPILER_APPICON_NAME = AppIcon;
				INFOPLIST_FILE = ButtonMenu/Info.plist;
				LD_RUNPATH_SEARCH_PATHS = "$(inherited) @executable_path/Frameworks";
				PRODUCT_BUNDLE_IDENTIFIER = com.skullgate.ButtonMenu;
				PRODUCT_NAME = "$(TARGET_NAME)";
			};
			name = Debug;
		};
		5FD1116D1C7DF5E40020B6AD /* Release */ = {
			isa = XCBuildConfiguration;
			buildSettings = {
				ASSETCATALOG_COMPILER_APPICON_NAME = AppIcon;
				INFOPLIST_FILE = ButtonMenu/Info.plist;
				LD_RUNPATH_SEARCH_PATHS = "$(inherited) @executable_path/Frameworks";
				PRODUCT_BUNDLE_IDENTIFIER = com.skullgate.ButtonMenu;
				PRODUCT_NAME = "$(TARGET_NAME)";
			};
			name = Release;
		};
/* End XCBuildConfiguration section */

/* Begin XCConfigurationList section */
		5F0CC0141C62545D002CDBA5 /* Build configuration list for PBXProject "FuelEconomy" */ = {
			isa = XCConfigurationList;
			buildConfigurations = (
				5F0CC02C1C62545D002CDBA5 /* Debug */,
				5F0CC02D1C62545D002CDBA5 /* Release */,
			);
			defaultConfigurationIsVisible = 0;
			defaultConfigurationName = Release;
		};
		5F0CC02E1C62545D002CDBA5 /* Build configuration list for PBXNativeTarget "FuelEconomy" */ = {
			isa = XCConfigurationList;
			buildConfigurations = (
				5F0CC02F1C62545D002CDBA5 /* Debug */,
				5F0CC0301C62545D002CDBA5 /* Release */,
			);
			defaultConfigurationIsVisible = 0;
			defaultConfigurationName = Release;
		};
		5FD1116E1C7DF5E40020B6AD /* Build configuration list for PBXNativeTarget "ButtonMenu" */ = {
			isa = XCConfigurationList;
			buildConfigurations = (
				5FD1116C1C7DF5E40020B6AD /* Debug */,
				5FD1116D1C7DF5E40020B6AD /* Release */,
			);
			defaultConfigurationIsVisible = 0;
		};
/* End XCConfigurationList section */

/* Begin XCVersionGroup section */
		5F0CC0231C62545D002CDBA5 /* FuelEconomy.xcdatamodeld */ = {
			isa = XCVersionGroup;
			children = (
				5F0CC0241C62545D002CDBA5 /* FuelEconomy.xcdatamodel */,
			);
			currentVersion = 5F0CC0241C62545D002CDBA5 /* FuelEconomy.xcdatamodel */;
			path = FuelEconomy.xcdatamodeld;
			sourceTree = "<group>";
			versionGroupType = wrapper.xcdatamodel;
		};
/* End XCVersionGroup section */
	};
	rootObject = 5F0CC0111C62545D002CDBA5 /* Project object */;
}
